
Microsoft Visual Studio Solution File, Format Version 12.00
# Visual Studio Version 17
VisualStudioVersion = 17.6.33717.318
MinimumVisualStudioVersion = 10.0.40219.1
Project("{2150E333-8FDC-42A3-9474-1A3956D46DE8}") = "src", "src", "{18C92064-8A6D-4B40-9270-FDD440EA6B37}"
EndProject
Project("{2150E333-8FDC-42A3-9474-1A3956D46DE8}") = "tests", "tests", "{082DAE85-7306-4373-8F7E-11BDE1A628C2}"
EndProject
Project("{9A19103F-16F7-4668-BE54-9A1E7A4F7556}") = "CodeFlix.Catalog.UnitTest", "tests\CodeFlix.Catalog.UnitTest\CodeFlix.Catalog.UnitTest.csproj", "{A0C1C6B1-1320-4846-9C92-D71A89ADA8DD}"
EndProject
Project("{9A19103F-16F7-4668-BE54-9A1E7A4F7556}") = "CodeFlix.Catalog.Domain", "src\CodeFlix.Catalog.Domain\CodeFlix.Catalog.Domain.csproj", "{6DC7DC80-F553-4484-81C9-56A48E651790}"
EndProject
Project("{9A19103F-16F7-4668-BE54-9A1E7A4F7556}") = "CodeFlix.Catalog.Application", "src\CodeFlix.Catalog.Application\CodeFlix.Catalog.Application.csproj", "{13750E35-EE49-4E4F-BC9A-0F96A855FE2C}"
EndProject
Project("{9A19103F-16F7-4668-BE54-9A1E7A4F7556}") = "CodeFlix.Catalog.IntegrationTests", "tests\CodeFlix.Catalog.IntegrationTests\CodeFlix.Catalog.IntegrationTests.csproj", "{D53FEFAC-A9DB-491C-BF49-DA9802FE5990}"
EndProject
Project("{9A19103F-16F7-4668-BE54-9A1E7A4F7556}") = "CodeFlix.Catalog.Infra.Data.EF", "src\CodeFlix.Catalog.Infra.Data.EF\CodeFlix.Catalog.Infra.Data.EF.csproj", "{C74E273A-81D6-4AF3-903C-649C981A919A}"
EndProject
Project("{9A19103F-16F7-4668-BE54-9A1E7A4F7556}") = "CodeFlix.Catalog.E2ETests", "tests\CodeFlix.Catalog.E2ETests\CodeFlix.Catalog.E2ETests.csproj", "{F2077FC9-D966-4746-B3FA-F7749B12F444}"
EndProject
Project("{9A19103F-16F7-4668-BE54-9A1E7A4F7556}") = "CodeFlix.Catalog.Api", "src\CodeFlix.Catalog.Api\CodeFlix.Catalog.Api.csproj", "{47AC7B19-E0EC-413B-93B5-1022AFFC6B4C}"
EndProject
Project("{2150E333-8FDC-42A3-9474-1A3956D46DE8}") = "env", "env", "{6ED2FAE8-A22A-43B6-9C1C-B640B6AA4945}"
	ProjectSection(SolutionItems) = preProject
		docker-compose.yml = docker-compose.yml
	EndProjectSection
EndProject
Global
	GlobalSection(SolutionConfigurationPlatforms) = preSolution
		Debug|Any CPU = Debug|Any CPU
		Release|Any CPU = Release|Any CPU
	EndGlobalSection
	GlobalSection(ProjectConfigurationPlatforms) = postSolution
		{A0C1C6B1-1320-4846-9C92-D71A89ADA8DD}.Debug|Any CPU.ActiveCfg = Debug|Any CPU
		{A0C1C6B1-1320-4846-9C92-D71A89ADA8DD}.Debug|Any CPU.Build.0 = Debug|Any CPU
		{A0C1C6B1-1320-4846-9C92-D71A89ADA8DD}.Release|Any CPU.ActiveCfg = Release|Any CPU
		{A0C1C6B1-1320-4846-9C92-D71A89ADA8DD}.Release|Any CPU.Build.0 = Release|Any CPU
		{6DC7DC80-F553-4484-81C9-56A48E651790}.Debug|Any CPU.ActiveCfg = Debug|Any CPU
		{6DC7DC80-F553-4484-81C9-56A48E651790}.Debug|Any CPU.Build.0 = Debug|Any CPU
		{6DC7DC80-F553-4484-81C9-56A48E651790}.Release|Any CPU.ActiveCfg = Release|Any CPU
		{6DC7DC80-F553-4484-81C9-56A48E651790}.Release|Any CPU.Build.0 = Release|Any CPU
		{13750E35-EE49-4E4F-BC9A-0F96A855FE2C}.Debug|Any CPU.ActiveCfg = Debug|Any CPU
		{13750E35-EE49-4E4F-BC9A-0F96A855FE2C}.Debug|Any CPU.Build.0 = Debug|Any CPU
		{13750E35-EE49-4E4F-BC9A-0F96A855FE2C}.Release|Any CPU.ActiveCfg = Release|Any CPU
		{13750E35-EE49-4E4F-BC9A-0F96A855FE2C}.Release|Any CPU.Build.0 = Release|Any CPU
		{D53FEFAC-A9DB-491C-BF49-DA9802FE5990}.Debug|Any CPU.ActiveCfg = Debug|Any CPU
		{D53FEFAC-A9DB-491C-BF49-DA9802FE5990}.Debug|Any CPU.Build.0 = Debug|Any CPU
		{D53FEFAC-A9DB-491C-BF49-DA9802FE5990}.Release|Any CPU.ActiveCfg = Release|Any CPU
		{D53FEFAC-A9DB-491C-BF49-DA9802FE5990}.Release|Any CPU.Build.0 = Release|Any CPU
		{C74E273A-81D6-4AF3-903C-649C981A919A}.Debug|Any CPU.ActiveCfg = Debug|Any CPU
		{C74E273A-81D6-4AF3-903C-649C981A919A}.Debug|Any CPU.Build.0 = Debug|Any CPU
		{C74E273A-81D6-4AF3-903C-649C981A919A}.Release|Any CPU.ActiveCfg = Release|Any CPU
		{C74E273A-81D6-4AF3-903C-649C981A919A}.Release|Any CPU.Build.0 = Release|Any CPU
		{F2077FC9-D966-4746-B3FA-F7749B12F444}.Debug|Any CPU.ActiveCfg = Debug|Any CPU
		{F2077FC9-D966-4746-B3FA-F7749B12F444}.Debug|Any CPU.Build.0 = Debug|Any CPU
		{F2077FC9-D966-4746-B3FA-F7749B12F444}.Release|Any CPU.ActiveCfg = Release|Any CPU
		{F2077FC9-D966-4746-B3FA-F7749B12F444}.Release|Any CPU.Build.0 = Release|Any CPU
		{47AC7B19-E0EC-413B-93B5-1022AFFC6B4C}.Debug|Any CPU.ActiveCfg = Debug|Any CPU
		{47AC7B19-E0EC-413B-93B5-1022AFFC6B4C}.Debug|Any CPU.Build.0 = Debug|Any CPU
		{47AC7B19-E0EC-413B-93B5-1022AFFC6B4C}.Release|Any CPU.ActiveCfg = Release|Any CPU
		{47AC7B19-E0EC-413B-93B5-1022AFFC6B4C}.Release|Any CPU.Build.0 = Release|Any CPU
	EndGlobalSection
	GlobalSection(SolutionProperties) = preSolution
		HideSolutionNode = FALSE
	EndGlobalSection
	GlobalSection(NestedProjects) = preSolution
		{A0C1C6B1-1320-4846-9C92-D71A89ADA8DD} = {082DAE85-7306-4373-8F7E-11BDE1A628C2}
		{6DC7DC80-F553-4484-81C9-56A48E651790} = {18C92064-8A6D-4B40-9270-FDD440EA6B37}
		{13750E35-EE49-4E4F-BC9A-0F96A855FE2C} = {18C92064-8A6D-4B40-9270-FDD440EA6B37}
		{D53FEFAC-A9DB-491C-BF49-DA9802FE5990} = {082DAE85-7306-4373-8F7E-11BDE1A628C2}
		{C74E273A-81D6-4AF3-903C-649C981A919A} = {18C92064-8A6D-4B40-9270-FDD440EA6B37}
		{F2077FC9-D966-4746-B3FA-F7749B12F444} = {082DAE85-7306-4373-8F7E-11BDE1A628C2}
		{47AC7B19-E0EC-413B-93B5-1022AFFC6B4C} = {18C92064-8A6D-4B40-9270-FDD440EA6B37}
	EndGlobalSection
	GlobalSection(ExtensibilityGlobals) = postSolution
		SolutionGuid = {06667154-1298-457A-92E2-D6B7A34692E9}
	EndGlobalSection
EndGlobal
